// !$*UTF8*$!
{
	archiveVersion = 1;
	classes = {
	};
	objectVersion = 46;
	objects = {

/* Begin PBXBuildFile section */
		3AA6953B1E0546600009E887 /* AppDelegate.swift in Sources */ = {isa = PBXBuildFile; fileRef = 3AA6953A1E0546600009E887 /* AppDelegate.swift */; };
		3AA6953D1E0546600009E887 /* ViewController.swift in Sources */ = {isa = PBXBuildFile; fileRef = 3AA6953C1E0546600009E887 /* ViewController.swift */; };
		3AA695401E0546600009E887 /* Main.storyboard in Resources */ = {isa = PBXBuildFile; fileRef = 3AA6953E1E0546600009E887 /* Main.storyboard */; };
		3AA695421E0546600009E887 /* Assets.xcassets in Resources */ = {isa = PBXBuildFile; fileRef = 3AA695411E0546600009E887 /* Assets.xcassets */; };
		3AA695451E0546600009E887 /* LaunchScreen.storyboard in Resources */ = {isa = PBXBuildFile; fileRef = 3AA695431E0546600009E887 /* LaunchScreen.storyboard */; };
		3AA695501E0546600009E887 /* HistoriCalcTests.swift in Sources */ = {isa = PBXBuildFile; fileRef = 3AA6954F1E0546600009E887 /* HistoriCalcTests.swift */; };
		3AA6955B1E0546600009E887 /* HistoriCalcUITests.swift in Sources */ = {isa = PBXBuildFile; fileRef = 3AA6955A1E0546600009E887 /* HistoriCalcUITests.swift */; };
		3AA6956D1E067DF60009E887 /* Calc.swift in Sources */ = {isa = PBXBuildFile; fileRef = 3AA6956C1E067DF60009E887 /* Calc.swift */; };
		3AA695701E067EA30009E887 /* makimono.png in Resources */ = {isa = PBXBuildFile; fileRef = 3AA6956F1E067EA30009E887 /* makimono.png */; };
		3AA695721E06801B0009E887 /* History.swift in Sources */ = {isa = PBXBuildFile; fileRef = 3AA695711E06801B0009E887 /* History.swift */; };
		3AA695741E06B2FF0009E887 /* mitamotono_yoritomo.png in Resources */ = {isa = PBXBuildFile; fileRef = 3AA695731E06B2FF0009E887 /* mitamotono_yoritomo.png */; };
		3AA695761E06BC6B0009E887 /* LoadFile.swift in Sources */ = {isa = PBXBuildFile; fileRef = 3AA695751E06BC6B0009E887 /* LoadFile.swift */; };
		3AA6957B1E06CFC40009E887 /* onono_komachi.png in Resources */ = {isa = PBXBuildFile; fileRef = 3AA6957A1E06CFC40009E887 /* onono_komachi.png */; };
		3AA6957D1E07E4F10009E887 /* jesus_christ.png in Resources */ = {isa = PBXBuildFile; fileRef = 3AA6957C1E07E4F10009E887 /* jesus_christ.png */; };
		3AA695801E07E8C90009E887 /* history.csv in Resources */ = {isa = PBXBuildFile; fileRef = 3AA6957F1E07E8C90009E887 /* history.csv */; };
/* End PBXBuildFile section */

/* Begin PBXContainerItemProxy section */
		3AA6954C1E0546600009E887 /* PBXContainerItemProxy */ = {
			isa = PBXContainerItemProxy;
			containerPortal = 3AA6952F1E0546600009E887 /* Project object */;
			proxyType = 1;
			remoteGlobalIDString = 3AA695361E0546600009E887;
			remoteInfo = HistoriCalc;
		};
		3AA695571E0546600009E887 /* PBXContainerItemProxy */ = {
			isa = PBXContainerItemProxy;
			containerPortal = 3AA6952F1E0546600009E887 /* Project object */;
			proxyType = 1;
			remoteGlobalIDString = 3AA695361E0546600009E887;
			remoteInfo = HistoriCalc;
		};
/* End PBXContainerItemProxy section */

/* Begin PBXFileReference section */
		3AA695371E0546600009E887 /* HistoriCalc.app */ = {isa = PBXFileReference; explicitFileType = wrapper.application; includeInIndex = 0; path = HistoriCalc.app; sourceTree = BUILT_PRODUCTS_DIR; };
		3AA6953A1E0546600009E887 /* AppDelegate.swift */ = {isa = PBXFileReference; lastKnownFileType = sourcecode.swift; path = AppDelegate.swift; sourceTree = "<group>"; };
		3AA6953C1E0546600009E887 /* ViewController.swift */ = {isa = PBXFileReference; lastKnownFileType = sourcecode.swift; path = ViewController.swift; sourceTree = "<group>"; };
		3AA6953F1E0546600009E887 /* Base */ = {isa = PBXFileReference; lastKnownFileType = file.storyboard; name = Base; path = Base.lproj/Main.storyboard; sourceTree = "<group>"; };
		3AA695411E0546600009E887 /* Assets.xcassets */ = {isa = PBXFileReference; lastKnownFileType = folder.assetcatalog; path = Assets.xcassets; sourceTree = "<group>"; };
		3AA695441E0546600009E887 /* Base */ = {isa = PBXFileReference; lastKnownFileType = file.storyboard; name = Base; path = Base.lproj/LaunchScreen.storyboard; sourceTree = "<group>"; };
		3AA695461E0546600009E887 /* Info.plist */ = {isa = PBXFileReference; lastKnownFileType = text.plist.xml; path = Info.plist; sourceTree = "<group>"; };
		3AA6954B1E0546600009E887 /* HistoriCalcTests.xctest */ = {isa = PBXFileReference; explicitFileType = wrapper.cfbundle; includeInIndex = 0; path = HistoriCalcTests.xctest; sourceTree = BUILT_PRODUCTS_DIR; };
		3AA6954F1E0546600009E887 /* HistoriCalcTests.swift */ = {isa = PBXFileReference; lastKnownFileType = sourcecode.swift; path = HistoriCalcTests.swift; sourceTree = "<group>"; };
		3AA695511E0546600009E887 /* Info.plist */ = {isa = PBXFileReference; lastKnownFileType = text.plist.xml; path = Info.plist; sourceTree = "<group>"; };
		3AA695561E0546600009E887 /* HistoriCalcUITests.xctest */ = {isa = PBXFileReference; explicitFileType = wrapper.cfbundle; includeInIndex = 0; path = HistoriCalcUITests.xctest; sourceTree = BUILT_PRODUCTS_DIR; };
		3AA6955A1E0546600009E887 /* HistoriCalcUITests.swift */ = {isa = PBXFileReference; lastKnownFileType = sourcecode.swift; path = HistoriCalcUITests.swift; sourceTree = "<group>"; };
		3AA6955C1E0546600009E887 /* Info.plist */ = {isa = PBXFileReference; lastKnownFileType = text.plist.xml; path = Info.plist; sourceTree = "<group>"; };
		3AA6956C1E067DF60009E887 /* Calc.swift */ = {isa = PBXFileReference; fileEncoding = 4; lastKnownFileType = sourcecode.swift; path = Calc.swift; sourceTree = "<group>"; };
		3AA6956F1E067EA30009E887 /* makimono.png */ = {isa = PBXFileReference; lastKnownFileType = image.png; path = makimono.png; sourceTree = "<group>"; };
		3AA695711E06801B0009E887 /* History.swift */ = {isa = PBXFileReference; fileEncoding = 4; lastKnownFileType = sourcecode.swift; path = History.swift; sourceTree = "<group>"; };
		3AA695731E06B2FF0009E887 /* mitamotono_yoritomo.png */ = {isa = PBXFileReference; lastKnownFileType = image.png; path = mitamotono_yoritomo.png; sourceTree = "<group>"; };
		3AA695751E06BC6B0009E887 /* LoadFile.swift */ = {isa = PBXFileReference; fileEncoding = 4; lastKnownFileType = sourcecode.swift; path = LoadFile.swift; sourceTree = "<group>"; };
		3AA6957A1E06CFC40009E887 /* onono_komachi.png */ = {isa = PBXFileReference; lastKnownFileType = image.png; path = onono_komachi.png; sourceTree = "<group>"; };
		3AA6957C1E07E4F10009E887 /* jesus_christ.png */ = {isa = PBXFileReference; lastKnownFileType = image.png; path = jesus_christ.png; sourceTree = "<group>"; };
		3AA6957F1E07E8C90009E887 /* history.csv */ = {isa = PBXFileReference; fileEncoding = 4; lastKnownFileType = text; path = history.csv; sourceTree = "<group>"; };
/* End PBXFileReference section */

/* Begin PBXFrameworksBuildPhase section */
		3AA695341E0546600009E887 /* Frameworks */ = {
			isa = PBXFrameworksBuildPhase;
			buildActionMask = 2147483647;
			files = (
			);
			runOnlyForDeploymentPostprocessing = 0;
		};
		3AA695481E0546600009E887 /* Frameworks */ = {
			isa = PBXFrameworksBuildPhase;
			buildActionMask = 2147483647;
			files = (
			);
			runOnlyForDeploymentPostprocessing = 0;
		};
		3AA695531E0546600009E887 /* Frameworks */ = {
			isa = PBXFrameworksBuildPhase;
			buildActionMask = 2147483647;
			files = (
			);
			runOnlyForDeploymentPostprocessing = 0;
		};
/* End PBXFrameworksBuildPhase section */

/* Begin PBXGroup section */
		3AA6952E1E0546600009E887 = {
			isa = PBXGroup;
			children = (
				3AA695391E0546600009E887 /* HistoriCalc */,
				3AA6954E1E0546600009E887 /* HistoriCalcTests */,
				3AA695591E0546600009E887 /* HistoriCalcUITests */,
				3AA695381E0546600009E887 /* Products */,
			);
			sourceTree = "<group>";
		};
		3AA695381E0546600009E887 /* Products */ = {
			isa = PBXGroup;
			children = (
				3AA695371E0546600009E887 /* HistoriCalc.app */,
				3AA6954B1E0546600009E887 /* HistoriCalcTests.xctest */,
				3AA695561E0546600009E887 /* HistoriCalcUITests.xctest */,
			);
			name = Products;
			sourceTree = "<group>";
		};
		3AA695391E0546600009E887 /* HistoriCalc */ = {
			isa = PBXGroup;
			children = (
				3AA6953A1E0546600009E887 /* AppDelegate.swift */,
				3AA6953C1E0546600009E887 /* ViewController.swift */,
				3AA6956C1E067DF60009E887 /* Calc.swift */,
				3AA695711E06801B0009E887 /* History.swift */,
				3AA695751E06BC6B0009E887 /* LoadFile.swift */,
				3AA6953E1E0546600009E887 /* Main.storyboard */,
				3AA695411E0546600009E887 /* Assets.xcassets */,
				3AA695431E0546600009E887 /* LaunchScreen.storyboard */,
				3AA695461E0546600009E887 /* Info.plist */,
				3AA6956E1E067EA30009E887 /* img */,
				3AA6957E1E07E8C90009E887 /* csv */,
			);
			path = HistoriCalc;
			sourceTree = "<group>";
		};
		3AA6954E1E0546600009E887 /* HistoriCalcTests */ = {
			isa = PBXGroup;
			children = (
				3AA6954F1E0546600009E887 /* HistoriCalcTests.swift */,
				3AA695511E0546600009E887 /* Info.plist */,
			);
			path = HistoriCalcTests;
			sourceTree = "<group>";
		};
		3AA695591E0546600009E887 /* HistoriCalcUITests */ = {
			isa = PBXGroup;
			children = (
				3AA6955A1E0546600009E887 /* HistoriCalcUITests.swift */,
				3AA6955C1E0546600009E887 /* Info.plist */,
			);
			path = HistoriCalcUITests;
			sourceTree = "<group>";
		};
		3AA6956E1E067EA30009E887 /* img */ = {
			isa = PBXGroup;
			children = (
				3AA6957A1E06CFC40009E887 /* onono_komachi.png */,
				3AA6957C1E07E4F10009E887 /* jesus_christ.png */,
				3AA695731E06B2FF0009E887 /* mitamotono_yoritomo.png */,
				3AA6956F1E067EA30009E887 /* makimono.png */,
			);
			path = img;
			sourceTree = "<group>";
		};
		3AA6957E1E07E8C90009E887 /* csv */ = {
			isa = PBXGroup;
			children = (
				3AA6957F1E07E8C90009E887 /* history.csv */,
			);
			path = csv;
			sourceTree = "<group>";
		};
/* End PBXGroup section */

/* Begin PBXNativeTarget section */
		3AA695361E0546600009E887 /* HistoriCalc */ = {
			isa = PBXNativeTarget;
			buildConfigurationList = 3AA6955F1E0546600009E887 /* Build configuration list for PBXNativeTarget "HistoriCalc" */;
			buildPhases = (
				3AA695331E0546600009E887 /* Sources */,
				3AA695341E0546600009E887 /* Frameworks */,
				3AA695351E0546600009E887 /* Resources */,
			);
			buildRules = (
			);
			dependencies = (
			);
			name = HistoriCalc;
			productName = HistoriCalc;
			productReference = 3AA695371E0546600009E887 /* HistoriCalc.app */;
			productType = "com.apple.product-type.application";
		};
		3AA6954A1E0546600009E887 /* HistoriCalcTests */ = {
			isa = PBXNativeTarget;
			buildConfigurationList = 3AA695621E0546600009E887 /* Build configuration list for PBXNativeTarget "HistoriCalcTests" */;
			buildPhases = (
				3AA695471E0546600009E887 /* Sources */,
				3AA695481E0546600009E887 /* Frameworks */,
				3AA695491E0546600009E887 /* Resources */,
			);
			buildRules = (
			);
			dependencies = (
				3AA6954D1E0546600009E887 /* PBXTargetDependency */,
			);
			name = HistoriCalcTests;
			productName = HistoriCalcTests;
			productReference = 3AA6954B1E0546600009E887 /* HistoriCalcTests.xctest */;
			productType = "com.apple.product-type.bundle.unit-test";
		};
		3AA695551E0546600009E887 /* HistoriCalcUITests */ = {
			isa = PBXNativeTarget;
			buildConfigurationList = 3AA695651E0546600009E887 /* Build configuration list for PBXNativeTarget "HistoriCalcUITests" */;
			buildPhases = (
				3AA695521E0546600009E887 /* Sources */,
				3AA695531E0546600009E887 /* Frameworks */,
				3AA695541E0546600009E887 /* Resources */,
			);
			buildRules = (
			);
			dependencies = (
				3AA695581E0546600009E887 /* PBXTargetDependency */,
			);
			name = HistoriCalcUITests;
			productName = HistoriCalcUITests;
			productReference = 3AA695561E0546600009E887 /* HistoriCalcUITests.xctest */;
			productType = "com.apple.product-type.bundle.ui-testing";
		};
/* End PBXNativeTarget section */

/* Begin PBXProject section */
		3AA6952F1E0546600009E887 /* Project object */ = {
			isa = PBXProject;
			attributes = {
				LastSwiftUpdateCheck = 0810;
				LastUpgradeCheck = 0810;
				ORGANIZATIONNAME = "kaori baba";
				TargetAttributes = {
					3AA695361E0546600009E887 = {
						CreatedOnToolsVersion = 8.1;
						ProvisioningStyle = Automatic;
					};
					3AA6954A1E0546600009E887 = {
						CreatedOnToolsVersion = 8.1;
						ProvisioningStyle = Automatic;
						TestTargetID = 3AA695361E0546600009E887;
					};
					3AA695551E0546600009E887 = {
						CreatedOnToolsVersion = 8.1;
						ProvisioningStyle = Automatic;
						TestTargetID = 3AA695361E0546600009E887;
					};
				};
			};
			buildConfigurationList = 3AA695321E0546600009E887 /* Build configuration list for PBXProject "HistoriCalc" */;
			compatibilityVersion = "Xcode 3.2";
			developmentRegion = English;
			hasScannedForEncodings = 0;
			knownRegions = (
				en,
				Base,
			);
			mainGroup = 3AA6952E1E0546600009E887;
			productRefGroup = 3AA695381E0546600009E887 /* Products */;
			projectDirPath = "";
			projectRoot = "";
			targets = (
				3AA695361E0546600009E887 /* HistoriCalc */,
				3AA6954A1E0546600009E887 /* HistoriCalcTests */,
				3AA695551E0546600009E887 /* HistoriCalcUITests */,
			);
		};
/* End PBXProject section */

/* Begin PBXResourcesBuildPhase section */
		3AA695351E0546600009E887 /* Resources */ = {
			isa = PBXResourcesBuildPhase;
			buildActionMask = 2147483647;
			files = (
				3AA695451E0546600009E887 /* LaunchScreen.storyboard in Resources */,
				3AA6957D1E07E4F10009E887 /* jesus_christ.png in Resources */,
				3AA695421E0546600009E887 /* Assets.xcassets in Resources */,
				3AA695701E067EA30009E887 /* makimono.png in Resources */,
				3AA695401E0546600009E887 /* Main.storyboard in Resources */,
				3AA6957B1E06CFC40009E887 /* onono_komachi.png in Resources */,
				3AA695741E06B2FF0009E887 /* mitamotono_yoritomo.png in Resources */,
				3AA695801E07E8C90009E887 /* history.csv in Resources */,
			);
			runOnlyForDeploymentPostprocessing = 0;
		};
		3AA695491E0546600009E887 /* Resources */ = {
			isa = PBXResourcesBuildPhase;
			buildActionMask = 2147483647;
			files = (
			);
			runOnlyForDeploymentPostprocessing = 0;
		};
		3AA695541E0546600009E887 /* Resources */ = {
			isa = PBXResourcesBuildPhase;
			buildActionMask = 2147483647;
			files = (
			);
			runOnlyForDeploymentPostprocessing = 0;
		};
/* End PBXResourcesBuildPhase section */

/* Begin PBXSourcesBuildPhase section */
		3AA695331E0546600009E887 /* Sources */ = {
			isa = PBXSourcesBuildPhase;
			buildActionMask = 2147483647;
			files = (
				3AA6956D1E067DF60009E887 /* Calc.swift in Sources */,
				3AA695761E06BC6B0009E887 /* LoadFile.swift in Sources */,
				3AA6953D1E0546600009E887 /* ViewController.swift in Sources */,
				3AA695721E06801B0009E887 /* History.swift in Sources */,
				3AA6953B1E0546600009E887 /* AppDelegate.swift in Sources */,
			);
			runOnlyForDeploymentPostprocessing = 0;
		};
		3AA695471E0546600009E887 /* Sources */ = {
			isa = PBXSourcesBuildPhase;
			buildActionMask = 2147483647;
			files = (
				3AA695501E0546600009E887 /* HistoriCalcTests.swift in Sources */,
			);
			runOnlyForDeploymentPostprocessing = 0;
		};
		3AA695521E0546600009E887 /* Sources */ = {
			isa = PBXSourcesBuildPhase;
			buildActionMask = 2147483647;
			files = (
				3AA6955B1E0546600009E887 /* HistoriCalcUITests.swift in Sources */,
			);
			runOnlyForDeploymentPostprocessing = 0;
		};
/* End PBXSourcesBuildPhase section */

/* Begin PBXTargetDependency section */
		3AA6954D1E0546600009E887 /* PBXTargetDependency */ = {
			isa = PBXTargetDependency;
			target = 3AA695361E0546600009E887 /* HistoriCalc */;
			targetProxy = 3AA6954C1E0546600009E887 /* PBXContainerItemProxy */;
		};
		3AA695581E0546600009E887 /* PBXTargetDependency */ = {
			isa = PBXTargetDependency;
			target = 3AA695361E0546600009E887 /* HistoriCalc */;
			targetProxy = 3AA695571E0546600009E887 /* PBXContainerItemProxy */;
		};
/* End PBXTargetDependency section */

/* Begin PBXVariantGroup section */
		3AA6953E1E0546600009E887 /* Main.storyboard */ = {
			isa = PBXVariantGroup;
			children = (
				3AA6953F1E0546600009E887 /* Base */,
			);
			name = Main.storyboard;
			sourceTree = "<group>";
		};
		3AA695431E0546600009E887 /* LaunchScreen.storyboard */ = {
			isa = PBXVariantGroup;
			children = (
				3AA695441E0546600009E887 /* Base */,
			);
			name = LaunchScreen.storyboard;
			sourceTree = "<group>";
		};
/* End PBXVariantGroup section */

/* Begin XCBuildConfiguration section */
		3AA6955D1E0546600009E887 /* Debug */ = {
			isa = XCBuildConfiguration;
			buildSettings = {
				ALWAYS_SEARCH_USER_PATHS = NO;
				CLANG_ANALYZER_NONNULL = YES;
				CLANG_CXX_LANGUAGE_STANDARD = "gnu++0x";
				CLANG_CXX_LIBRARY = "libc++";
				CLANG_ENABLE_MODULES = YES;
				CLANG_ENABLE_OBJC_ARC = YES;
				CLANG_WARN_BOOL_CONVERSION = YES;
				CLANG_WARN_CONSTANT_CONVERSION = YES;
				CLANG_WARN_DIRECT_OBJC_ISA_USAGE = YES_ERROR;
				CLANG_WARN_DOCUMENTATION_COMMENTS = YES;
				CLANG_WARN_EMPTY_BODY = YES;
				CLANG_WARN_ENUM_CONVERSION = YES;
				CLANG_WARN_INFINITE_RECURSION = YES;
				CLANG_WARN_INT_CONVERSION = YES;
				CLANG_WARN_OBJC_ROOT_CLASS = YES_ERROR;
				CLANG_WARN_SUSPICIOUS_MOVES = YES;
				CLANG_WARN_UNREACHABLE_CODE = YES;
				CLANG_WARN__DUPLICATE_METHOD_MATCH = YES;
				"CODE_SIGN_IDENTITY[sdk=iphoneos*]" = "iPhone Developer";
				COPY_PHASE_STRIP = NO;
				DEBUG_INFORMATION_FORMAT = dwarf;
				ENABLE_STRICT_OBJC_MSGSEND = YES;
				ENABLE_TESTABILITY = YES;
				GCC_C_LANGUAGE_STANDARD = gnu99;
				GCC_DYNAMIC_NO_PIC = NO;
				GCC_NO_COMMON_BLOCKS = YES;
				GCC_OPTIMIZATION_LEVEL = 0;
				GCC_PREPROCESSOR_DEFINITIONS = (
					"DEBUG=1",
					"$(inherited)",
				);
				GCC_WARN_64_TO_32_BIT_CONVERSION = YES;
				GCC_WARN_ABOUT_RETURN_TYPE = YES_ERROR;
				GCC_WARN_UNDECLARED_SELECTOR = YES;
				GCC_WARN_UNINITIALIZED_AUTOS = YES_AGGRESSIVE;
				GCC_WARN_UNUSED_FUNCTION = YES;
				GCC_WARN_UNUSED_VARIABLE = YES;
				IPHONEOS_DEPLOYMENT_TARGET = 10.1;
				MTL_ENABLE_DEBUG_INFO = YES;
				ONLY_ACTIVE_ARCH = YES;
				SDKROOT = iphoneos;
				SWIFT_ACTIVE_COMPILATION_CONDITIONS = DEBUG;
				SWIFT_OPTIMIZATION_LEVEL = "-Onone";
			};
			name = Debug;
		};
		3AA6955E1E0546600009E887 /* Release */ = {
			isa = XCBuildConfiguration;
			buildSettings = {
				ALWAYS_SEARCH_USER_PATHS = NO;
				CLANG_ANALYZER_NONNULL = YES;
				CLANG_CXX_LANGUAGE_STANDARD = "gnu++0x";
				CLANG_CXX_LIBRARY = "libc++";
				CLANG_ENABLE_MODULES = YES;
				CLANG_ENABLE_OBJC_ARC = YES;
				CLANG_WARN_BOOL_CONVERSION = YES;
				CLANG_WARN_CONSTANT_CONVERSION = YES;
				CLANG_WARN_DIRECT_OBJC_ISA_USAGE = YES_ERROR;
				CLANG_WARN_DOCUMENTATION_COMMENTS = YES;
				CLANG_WARN_EMPTY_BODY = YES;
				CLANG_WARN_ENUM_CONVERSION = YES;
				CLANG_WARN_INFINITE_RECURSION = YES;
				CLANG_WARN_INT_CONVERSION = YES;
				CLANG_WARN_OBJC_ROOT_CLASS = YES_ERROR;
				CLANG_WARN_SUSPICIOUS_MOVES = YES;
				CLANG_WARN_UNREACHABLE_CODE = YES;
				CLANG_WARN__DUPLICATE_METHOD_MATCH = YES;
				"CODE_SIGN_IDENTITY[sdk=iphoneos*]" = "iPhone Developer";
				COPY_PHASE_STRIP = NO;
				DEBUG_INFORMATION_FORMAT = "dwarf-with-dsym";
				ENABLE_NS_ASSERTIONS = NO;
				ENABLE_STRICT_OBJC_MSGSEND = YES;
				GCC_C_LANGUAGE_STANDARD = gnu99;
				GCC_NO_COMMON_BLOCKS = YES;
				GCC_WARN_64_TO_32_BIT_CONVERSION = YES;
				GCC_WARN_ABOUT_RETURN_TYPE = YES_ERROR;
				GCC_WARN_UNDECLARED_SELECTOR = YES;
				GCC_WARN_UNINITIALIZED_AUTOS = YES_AGGRESSIVE;
				GCC_WARN_UNUSED_FUNCTION = YES;
				GCC_WARN_UNUSED_VARIABLE = YES;
				IPHONEOS_DEPLOYMENT_TARGET = 10.1;
				MTL_ENABLE_DEBUG_INFO = NO;
				SDKROOT = iphoneos;
				SWIFT_OPTIMIZATION_LEVEL = "-Owholemodule";
				VALIDATE_PRODUCT = YES;
			};
			name = Release;
		};
		3AA695601E0546600009E887 /* Debug */ = {
			isa = XCBuildConfiguration;
			buildSettings = {
				ASSETCATALOG_COMPILER_APPICON_NAME = AppIcon;
				INFOPLIST_FILE = HistoriCalc/Info.plist;
				LD_RUNPATH_SEARCH_PATHS = "$(inherited) @executable_path/Frameworks";
				PRODUCT_BUNDLE_IDENTIFIER = jp.co.baba.HistoriCalc;
				PRODUCT_NAME = "$(TARGET_NAME)";
				SWIFT_VERSION = 3.0;
			};
			name = Debug;
		};
		3AA695611E0546600009E887 /* Release */ = {
			isa = XCBuildConfiguration;
			buildSettings = {
				ASSETCATALOG_COMPILER_APPICON_NAME = AppIcon;
				INFOPLIST_FILE = HistoriCalc/Info.plist;
				LD_RUNPATH_SEARCH_PATHS = "$(inherited) @executable_path/Frameworks";
				PRODUCT_BUNDLE_IDENTIFIER = jp.co.baba.HistoriCalc;
				PRODUCT_NAME = "$(TARGET_NAME)";
				SWIFT_VERSION = 3.0;
			};
			name = Release;
		};
		3AA695631E0546600009E887 /* Debug */ = {
			isa = XCBuildConfiguration;
			buildSettings = {
				ALWAYS_EMBED_SWIFT_STANDARD_LIBRARIES = YES;
				BUNDLE_LOADER = "$(TEST_HOST)";
				INFOPLIST_FILE = HistoriCalcTests/Info.plist;
				LD_RUNPATH_SEARCH_PATHS = "$(inherited) @executable_path/Frameworks @loader_path/Frameworks";
				PRODUCT_BUNDLE_IDENTIFIER = jp.co.baba.HistoriCalcTests;
				PRODUCT_NAME = "$(TARGET_NAME)";
				SWIFT_VERSION = 3.0;
				TEST_HOST = "$(BUILT_PRODUCTS_DIR)/HistoriCalc.app/HistoriCalc";
			};
			name = Debug;
		};
		3AA695641E0546600009E887 /* Release */ = {
			isa = XCBuildConfiguration;
			buildSettings = {
				ALWAYS_EMBED_SWIFT_STANDARD_LIBRARIES = YES;
				BUNDLE_LOADER = "$(TEST_HOST)";
				INFOPLIST_FILE = HistoriCalcTests/Info.plist;
				LD_RUNPATH_SEARCH_PATHS = "$(inherited) @executable_path/Frameworks @loader_path/Frameworks";
				PRODUCT_BUNDLE_IDENTIFIER = jp.co.baba.HistoriCalcTests;
				PRODUCT_NAME = "$(TARGET_NAME)";
				SWIFT_VERSION = 3.0;
				TEST_HOST = "$(BUILT_PRODUCTS_DIR)/HistoriCalc.app/HistoriCalc";
			};
			name = Release;
		};
		3AA695661E0546600009E887 /* Debug */ = {
			isa = XCBuildConfiguration;
			buildSettings = {
				ALWAYS_EMBED_SWIFT_STANDARD_LIBRARIES = YES;
				INFOPLIST_FILE = HistoriCalcUITests/Info.plist;
				LD_RUNPATH_SEARCH_PATHS = "$(inherited) @executable_path/Frameworks @loader_path/Frameworks";
				PRODUCT_BUNDLE_IDENTIFIER = jp.co.baba.HistoriCalcUITests;
				PRODUCT_NAME = "$(TARGET_NAME)";
				SWIFT_VERSION = 3.0;
				TEST_TARGET_NAME = HistoriCalc;
			};
			name = Debug;
		};
		3AA695671E0546600009E887 /* Release */ = {
			isa = XCBuildConfiguration;
			buildSettings = {
				ALWAYS_EMBED_SWIFT_STANDARD_LIBRARIES = YES;
				INFOPLIST_FILE = HistoriCalcUITests/Info.plist;
				LD_RUNPATH_SEARCH_PATHS = "$(inherited) @executable_path/Frameworks @loader_path/Frameworks";
				PRODUCT_BUNDLE_IDENTIFIER = jp.co.baba.HistoriCalcUITests;
				PRODUCT_NAME = "$(TARGET_NAME)";
				SWIFT_VERSION = 3.0;
				TEST_TARGET_NAME = HistoriCalc;
			};
			name = Release;
		};
/* End XCBuildConfiguration section */

/* Begin XCConfigurationList section */
		3AA695321E0546600009E887 /* Build configuration list for PBXProject "HistoriCalc" */ = {
			isa = XCConfigurationList;
			buildConfigurations = (
				3AA6955D1E0546600009E887 /* Debug */,
				3AA6955E1E0546600009E887 /* Release */,
			);
			defaultConfigurationIsVisible = 0;
			defaultConfigurationName = Release;
		};
		3AA6955F1E0546600009E887 /* Build configuration list for PBXNativeTarget "HistoriCalc" */ = {
			isa = XCConfigurationList;
			buildConfigurations = (
				3AA695601E0546600009E887 /* Debug */,
				3AA695611E0546600009E887 /* Release */,
			);
			defaultConfigurationIsVisible = 0;
			defaultConfigurationName = Release;
		};
		3AA695621E0546600009E887 /* Build configuration list for PBXNativeTarget "HistoriCalcTests" */ = {
			isa = XCConfigurationList;
			buildConfigurations = (
				3AA695631E0546600009E887 /* Debug */,
				3AA695641E0546600009E887 /* Release */,
			);
			defaultConfigurationIsVisible = 0;
			defaultConfigurationName = Release;
		};
		3AA695651E0546600009E887 /* Build configuration list for PBXNativeTarget "HistoriCalcUITests" */ = {
			isa = XCConfigurationList;
			buildConfigurations = (
				3AA695661E0546600009E887 /* Debug */,
				3AA695671E0546600009E887 /* Release */,
			);
			defaultConfigurationIsVisible = 0;
			defaultConfigurationName = Release;
		};
/* End XCConfigurationList section */
	};
	rootObject = 3AA6952F1E0546600009E887 /* Project object */;
}
